
Microsoft Visual Studio Solution File, Format Version 11.00
# Visual Studio 2010
Project("{FAE04EC0-301F-11D3-BF4B-00C04F79EFBC}") = "SpotifyAPI", "SpotifyAPI\SpotifyAPI.csproj", "{8B8B34F5-844A-4B6D-95CE-C0919386C30D}"
EndProject
Global
	GlobalSection(SolutionConfigurationPlatforms) = preSolution
		Debug|Any CPU = Debug|Any CPU
		Release|Any CPU = Release|Any CPU
	EndGlobalSection
	GlobalSection(ProjectConfigurationPlatforms) = postSolution
		{8B8B34F5-844A-4B6D-95CE-C0919386C30D}.Debug|Any CPU.ActiveCfg = Debug|Any CPU
		{8B8B34F5-844A-4B6D-95CE-C0919386C30D}.Debug|Any CPU.Build.0 = Debug|Any CPU
		{8B8B34F5-844A-4B6D-95CE-C0919386C30D}.Release|Any CPU.ActiveCfg = Release|Any CPU
		{8B8B34F5-844A-4B6D-95CE-C0919386C30D}.Release|Any CPU.Build.0 = Release|Any CPU
	EndGlobalSection
	GlobalSection(SolutionProperties) = preSolution
		HideSolutionNode = FALSE
	EndGlobalSection
EndGlobal
